
Microsoft Visual Studio Solution File, Format Version 12.00
# Visual Studio Version 16
VisualStudioVersion = 16.0.808.4
MinimumVisualStudioVersion = 10.0.40219.1
Project("{FAE04EC0-301F-11D3-BF4B-00C04F79EFBC}") = "SudokuChecker", "SudokuChecker\SudokuChecker.csproj", "{8AE41154-954E-4526-9896-28F23D88BB9F}"
EndProject
Global
	GlobalSection(SolutionConfigurationPlatforms) = preSolution
		Debug|Any CPU = Debug|Any CPU
		Release|Any CPU = Release|Any CPU
	EndGlobalSection
	GlobalSection(ProjectConfigurationPlatforms) = postSolution
		{8AE41154-954E-4526-9896-28F23D88BB9F}.Debug|Any CPU.ActiveCfg = Debug|Any CPU
		{8AE41154-954E-4526-9896-28F23D88BB9F}.Debug|Any CPU.Build.0 = Debug|Any CPU
		{8AE41154-954E-4526-9896-28F23D88BB9F}.Release|Any CPU.ActiveCfg = Release|Any CPU
		{8AE41154-954E-4526-9896-28F23D88BB9F}.Release|Any CPU.Build.0 = Release|Any CPU
	EndGlobalSection
	GlobalSection(SolutionProperties) = preSolution
		HideSolutionNode = FALSE
	EndGlobalSection
	GlobalSection(ExtensibilityGlobals) = postSolution
		SolutionGuid = {AEAC72AA-5ED6-4542-BE86-E0C75C673D2C}
	EndGlobalSection
EndGlobal
